
Microsoft Visual Studio Solution File, Format Version 12.00
# Visual Studio 15
VisualStudioVersion = 15.0.28307.572
MinimumVisualStudioVersion = 10.0.40219.1
Project("{FAE04EC0-301F-11D3-BF4B-00C04F79EFBC}") = "IEProject1", "IEProject1\IEProject1.csproj", "{2A4D5B37-3E24-4221-A91B-505A009B48B6}"
EndProject
Global
	GlobalSection(SolutionConfigurationPlatforms) = preSolution
		Debug|Any CPU = Debug|Any CPU
		Release|Any CPU = Release|Any CPU
	EndGlobalSection
	GlobalSection(ProjectConfigurationPlatforms) = postSolution
		{2A4D5B37-3E24-4221-A91B-505A009B48B6}.Debug|Any CPU.ActiveCfg = Debug|Any CPU
		{2A4D5B37-3E24-4221-A91B-505A009B48B6}.Debug|Any CPU.Build.0 = Debug|Any CPU
		{2A4D5B37-3E24-4221-A91B-505A009B48B6}.Release|Any CPU.ActiveCfg = Release|Any CPU
		{2A4D5B37-3E24-4221-A91B-505A009B48B6}.Release|Any CPU.Build.0 = Release|Any CPU
	EndGlobalSection
	GlobalSection(SolutionProperties) = preSolution
		HideSolutionNode = FALSE
	EndGlobalSection
	GlobalSection(ExtensibilityGlobals) = postSolution
		SolutionGuid = {319B9402-097B-45DD-85A3-2969AA29A960}
	EndGlobalSection
EndGlobal
